PODS:
  - FSCalendar (2.8.4)
  - Realm (10.41.0):
    - Realm/Headers (= 10.41.0)
  - Realm/Headers (10.41.0)
  - RealmSwift (10.41.0):
    - Realm (= 10.41.0)
  - SnapKit (5.6.0)
  - SwiftLint (0.47.1)

DEPENDENCIES:
  - FSCalendar
  - RealmSwift (~> 10)
  - SnapKit (~> 5.0)
  - SwiftLint

SPEC REPOS:
  trunk:
    - FSCalendar
    - Realm
    - RealmSwift
    - SnapKit
    - SwiftLint

SPEC CHECKSUMS:
  FSCalendar: 2d1d0d9398f12d439f55c1fe0f01525b151b8260
  Realm: 669efee7dc1ce0aa9f6739a60f8c0df0a3835067
  RealmSwift: 6b7b0e91b79dc66d5cfceeb3b319cacfc9b1a70e
  SnapKit: e01d52ebb8ddbc333eefe2132acf85c8227d9c25
  SwiftLint: f80f1be7fa96d30e0aa68e58d45d4ea1ccaac519

PODFILE CHECKSUM: f11c9b6219189a71462786521f151917b02273cb

COCOAPODS: 1.11.3
